
Microsoft Visual Studio Solution File, Format Version 12.00
# Visual Studio Version 17
VisualStudioVersion = 17.1.32421.90
MinimumVisualStudioVersion = 10.0.40219.1
Project("{FAE04EC0-301F-11D3-BF4B-00C04F79EFBC}") = "ForLoopIndexing", "ForLoopIndexing\ForLoopIndexing.csproj", "{5EF01905-3A72-4FD8-9907-65F62A25EADC}"
EndProject
Global
	GlobalSection(SolutionConfigurationPlatforms) = preSolution
		Debug|Any CPU = Debug|Any CPU
		Release|Any CPU = Release|Any CPU
	EndGlobalSection
	GlobalSection(ProjectConfigurationPlatforms) = postSolution
		{5EF01905-3A72-4FD8-9907-65F62A25EADC}.Debug|Any CPU.ActiveCfg = Debug|Any CPU
		{5EF01905-3A72-4FD8-9907-65F62A25EADC}.Debug|Any CPU.Build.0 = Debug|Any CPU
		{5EF01905-3A72-4FD8-9907-65F62A25EADC}.Release|Any CPU.ActiveCfg = Release|Any CPU
		{5EF01905-3A72-4FD8-9907-65F62A25EADC}.Release|Any CPU.Build.0 = Release|Any CPU
	EndGlobalSection
	GlobalSection(SolutionProperties) = preSolution
		HideSolutionNode = FALSE
	EndGlobalSection
	GlobalSection(ExtensibilityGlobals) = postSolution
		SolutionGuid = {62C61A05-57AB-48DE-AFF0-F677060B103B}
	EndGlobalSection
EndGlobal
